
Microsoft Visual Studio Solution File, Format Version 12.00
# Visual Studio Version 17
VisualStudioVersion = 17.3.32922.545
MinimumVisualStudioVersion = 10.0.40219.1
Project("{FAE04EC0-301F-11D3-BF4B-00C04F79EFBC}") = "SallesWebMvc", "SallesWebMvc\SallesWebMvc.csproj", "{16E9383C-0741-4E7A-83C9-428D3004328C}"
EndProject
Global
	GlobalSection(SolutionConfigurationPlatforms) = preSolution
		Debug|Any CPU = Debug|Any CPU
		Release|Any CPU = Release|Any CPU
	EndGlobalSection
	GlobalSection(ProjectConfigurationPlatforms) = postSolution
		{16E9383C-0741-4E7A-83C9-428D3004328C}.Debug|Any CPU.ActiveCfg = Debug|Any CPU
		{16E9383C-0741-4E7A-83C9-428D3004328C}.Debug|Any CPU.Build.0 = Debug|Any CPU
		{16E9383C-0741-4E7A-83C9-428D3004328C}.Release|Any CPU.ActiveCfg = Release|Any CPU
		{16E9383C-0741-4E7A-83C9-428D3004328C}.Release|Any CPU.Build.0 = Release|Any CPU
	EndGlobalSection
	GlobalSection(SolutionProperties) = preSolution
		HideSolutionNode = FALSE
	EndGlobalSection
	GlobalSection(ExtensibilityGlobals) = postSolution
		SolutionGuid = {47220031-32B0-4842-9DEB-405E87F3DD63}
	EndGlobalSection
EndGlobal
